{
  "nodes": {
    "flake-utils": {
      "locked": {
        "lastModified": 1623875721,
        "narHash": "sha256-A8BU7bjS5GirpAUv4QA+QnJ4CceLHkcXdRp4xITDB0s=",
        "owner": "numtide",
        "repo": "flake-utils",
        "rev": "f7e004a55b120c02ecb6219596820fcd32ca8772",
        "type": "github"
      },
      "original": {
        "owner": "numtide",
        "repo": "flake-utils",
        "type": "github"
      }
    },
    "flake-utils_2": {
      "locked": {
        "lastModified": 1623875721,
        "narHash": "sha256-A8BU7bjS5GirpAUv4QA+QnJ4CceLHkcXdRp4xITDB0s=",
        "owner": "numtide",
        "repo": "flake-utils",
        "rev": "f7e004a55b120c02ecb6219596820fcd32ca8772",
        "type": "github"
      },
      "original": {
        "owner": "numtide",
        "repo": "flake-utils",
        "type": "github"
      }
    },
    "flake-utils_3": {
      "locked": {
        "lastModified": 1623875721,
        "narHash": "sha256-A8BU7bjS5GirpAUv4QA+QnJ4CceLHkcXdRp4xITDB0s=",
        "owner": "numtide",
        "repo": "flake-utils",
        "rev": "f7e004a55b120c02ecb6219596820fcd32ca8772",
        "type": "github"
      },
      "original": {
        "owner": "numtide",
        "repo": "flake-utils",
        "type": "github"
      }
    },
    "flake-utils_4": {
      "locked": {
        "lastModified": 1622445595,
        "narHash": "sha256-m+JRe6Wc5OZ/mKw2bB3+Tl0ZbtyxxxfnAWln8Q5qs+Y=",
        "owner": "numtide",
        "repo": "flake-utils",
        "rev": "7d706970d94bc5559077eb1a6600afddcd25a7c8",
        "type": "github"
      },
      "original": {
        "owner": "numtide",
        "repo": "flake-utils",
        "type": "github"
      }
    },
    "flake-utils_5": {
      "locked": {
        "lastModified": 1622445595,
        "narHash": "sha256-m+JRe6Wc5OZ/mKw2bB3+Tl0ZbtyxxxfnAWln8Q5qs+Y=",
        "owner": "numtide",
        "repo": "flake-utils",
        "rev": "7d706970d94bc5559077eb1a6600afddcd25a7c8",
        "type": "github"
      },
      "original": {
        "owner": "numtide",
        "repo": "flake-utils",
        "type": "github"
      }
    },
    "ginkou-flake": {
      "inputs": {
        "flake-utils": "flake-utils_2",
        "nixpkgs": "nixpkgs"
      },
      "locked": {
        "lastModified": 1624399026,
        "narHash": "sha256-qqYeZ3VD2vWcenMUz+Die9Aas+or5kNHqT3Sjda2CYU=",
        "owner": "themeliolabs",
        "repo": "ginkou",
        "rev": "b05a913730692ad6fde2455a112ba1755b15d662",
        "type": "github"
      },
      "original": {
        "owner": "themeliolabs",
        "repo": "ginkou",
        "type": "github"
      }
    },
    "ginkou-loader-flake": {
      "inputs": {
        "flake-utils": "flake-utils_3",
        "melwalletd-flake": "melwalletd-flake",
        "mozilla": "mozilla_2",
        "nixpkgs": "nixpkgs_3"
      },
      "locked": {
        "lastModified": 1624394842,
        "narHash": "sha256-2H9f1mXR/mmHWpgblhDTQ2pYS3uG4gJbnP6PqwmZ6Vw=",
        "owner": "themeliolabs",
        "repo": "ginkou-loader",
        "rev": "f3eeaa1cd2da8916b7b89a855cc7cb820c60991b",
        "type": "github"
      },
      "original": {
        "owner": "themeliolabs",
        "repo": "ginkou-loader",
        "type": "github"
      }
    },
    "melwalletd-flake": {
      "inputs": {
        "flake-utils": "flake-utils_4",
        "mozilla": "mozilla",
        "nixpkgs": "nixpkgs_2",
        "selfDir": "selfDir"
      },
      "locked": {
        "lastModified": 1624317210,
        "narHash": "sha256-a8f9svtaX4SmocSME5DgYNBHsg6S24jVE3W6ncxSLko=",
        "owner": "themeliolabs",
        "repo": "melwalletd",
        "rev": "8d2fad7c6ca14d4196d70da39fc73fa79cab109c",
        "type": "github"
      },
      "original": {
        "owner": "themeliolabs",
        "repo": "melwalletd",
        "type": "github"
      }
    },
    "melwalletd-flake_2": {
      "inputs": {
        "flake-utils": "flake-utils_5",
        "mozilla": "mozilla_3",
        "nixpkgs": "nixpkgs_4",
        "selfDir": "selfDir_2"
      },
      "locked": {
        "lastModified": 1624317210,
        "narHash": "sha256-a8f9svtaX4SmocSME5DgYNBHsg6S24jVE3W6ncxSLko=",
        "owner": "themeliolabs",
        "repo": "melwalletd",
        "rev": "8d2fad7c6ca14d4196d70da39fc73fa79cab109c",
        "type": "github"
      },
      "original": {
        "owner": "themeliolabs",
        "repo": "melwalletd",
        "type": "github"
      }
    },
    "mozilla": {
      "flake": false,
      "locked": {
        "lastModified": 1622726979,
        "narHash": "sha256-JCBPZVQ4aGe3cmnQc1tjJRwaxqz1b60piQz+/F9CMtc=",
        "owner": "mozilla",
        "repo": "nixpkgs-mozilla",
        "rev": "3f3fba4e2066f28a1ad7ac60e86a688a92eb5b5f",
        "type": "github"
      },
      "original": {
        "owner": "mozilla",
        "repo": "nixpkgs-mozilla",
        "type": "github"
      }
    },
    "mozilla_2": {
      "flake": false,
      "locked": {
        "lastModified": 1622726979,
        "narHash": "sha256-JCBPZVQ4aGe3cmnQc1tjJRwaxqz1b60piQz+/F9CMtc=",
        "owner": "mozilla",
        "repo": "nixpkgs-mozilla",
        "rev": "3f3fba4e2066f28a1ad7ac60e86a688a92eb5b5f",
        "type": "github"
      },
      "original": {
        "owner": "mozilla",
        "repo": "nixpkgs-mozilla",
        "type": "github"
      }
    },
    "mozilla_3": {
      "flake": false,
      "locked": {
        "lastModified": 1622726979,
        "narHash": "sha256-JCBPZVQ4aGe3cmnQc1tjJRwaxqz1b60piQz+/F9CMtc=",
        "owner": "mozilla",
        "repo": "nixpkgs-mozilla",
        "rev": "3f3fba4e2066f28a1ad7ac60e86a688a92eb5b5f",
        "type": "github"
      },
      "original": {
        "owner": "mozilla",
        "repo": "nixpkgs-mozilla",
        "type": "github"
      }
    },
    "mozilla_4": {
      "flake": false,
      "locked": {
        "lastModified": 1622726979,
        "narHash": "sha256-JCBPZVQ4aGe3cmnQc1tjJRwaxqz1b60piQz+/F9CMtc=",
        "owner": "mozilla",
        "repo": "nixpkgs-mozilla",
        "rev": "3f3fba4e2066f28a1ad7ac60e86a688a92eb5b5f",
        "type": "github"
      },
      "original": {
        "owner": "mozilla",
        "repo": "nixpkgs-mozilla",
        "type": "github"
      }
    },
    "nixpkgs": {
      "locked": {
        "lastModified": 1624172050,
        "narHash": "sha256-sLQEhZ6Ffjx0J1AJxHQDY4y7XWKxI/Zgm/hQJjkjZ6M=",
        "owner": "nixos",
        "repo": "nixpkgs",
        "rev": "6613a30c5e3ee59753181512b4bedd4121569925",
        "type": "github"
      },
      "original": {
        "owner": "nixos",
        "ref": "nixos-21.05",
        "repo": "nixpkgs",
        "type": "github"
      }
    },
    "nixpkgs_2": {
      "locked": {
        "lastModified": 1623225763,
        "narHash": "sha256-Mo0szTSr3rST1FHqCnrZw7UKNK26NmB9uyI7783LAE8=",
        "owner": "nixos",
        "repo": "nixpkgs",
        "rev": "85ed11208f8c7c981071cc6e33a5fc60c396c38f",
        "type": "github"
      },
      "original": {
        "owner": "nixos",
        "ref": "nixos-20.09",
        "repo": "nixpkgs",
        "type": "github"
      }
    },
    "nixpkgs_3": {
      "locked": {
        "lastModified": 1624172050,
        "narHash": "sha256-sLQEhZ6Ffjx0J1AJxHQDY4y7XWKxI/Zgm/hQJjkjZ6M=",
        "owner": "nixos",
        "repo": "nixpkgs",
        "rev": "6613a30c5e3ee59753181512b4bedd4121569925",
        "type": "github"
      },
      "original": {
        "owner": "nixos",
        "ref": "nixos-21.05",
        "repo": "nixpkgs",
        "type": "github"
      }
    },
    "nixpkgs_4": {
      "locked": {
        "lastModified": 1623225763,
        "narHash": "sha256-Mo0szTSr3rST1FHqCnrZw7UKNK26NmB9uyI7783LAE8=",
        "owner": "nixos",
        "repo": "nixpkgs",
        "rev": "85ed11208f8c7c981071cc6e33a5fc60c396c38f",
        "type": "github"
      },
      "original": {
        "owner": "nixos",
        "ref": "nixos-20.09",
        "repo": "nixpkgs",
        "type": "github"
      }
    },
    "nixpkgs_5": {
      "locked": {
        "lastModified": 1624172050,
        "narHash": "sha256-sLQEhZ6Ffjx0J1AJxHQDY4y7XWKxI/Zgm/hQJjkjZ6M=",
        "owner": "nixos",
        "repo": "nixpkgs",
        "rev": "6613a30c5e3ee59753181512b4bedd4121569925",
        "type": "github"
      },
      "original": {
        "owner": "nixos",
        "ref": "nixos-21.05",
        "repo": "nixpkgs",
        "type": "github"
      }
    },
    "root": {
      "inputs": {
        "flake-utils": "flake-utils",
        "ginkou-flake": "ginkou-flake",
        "ginkou-loader-flake": "ginkou-loader-flake",
        "melwalletd-flake": "melwalletd-flake_2",
        "mozilla": "mozilla_4",
        "nixpkgs": "nixpkgs_5"
      }
    },
    "selfDir": {
      "flake": false,
      "locked": {
        "narHash": "sha256-JxMlnso5JbExqnIxkztpyI3jJ5oH1Miq9N3+FVE+Xf0=",
        "path": ".",
        "type": "path"
      },
      "original": {
        "path": ".",
        "type": "path"
      }
    },
    "selfDir_2": {
      "flake": false,
      "locked": {
        "narHash": "sha256-JxMlnso5JbExqnIxkztpyI3jJ5oH1Miq9N3+FVE+Xf0=",
        "path": ".",
        "type": "path"
      },
      "original": {
        "path": ".",
        "type": "path"
      }
    }
  },
  "root": "root",
  "version": 7
}
